
Microsoft Visual Studio Solution File, Format Version 12.00
# Visual Studio Version 17
VisualStudioVersion = 17.0.31825.309
MinimumVisualStudioVersion = 10.0.40219.1
Project("{9A19103F-16F7-4668-BE54-9A1E7A4F7556}") = "N1L1A1", "N1L1A1\N1L1A1.csproj", "{D1315976-E249-4C62-9B4A-7A09A5B2B00B}"
EndProject
Project("{9A19103F-16F7-4668-BE54-9A1E7A4F7556}") = "N1L2A1", "N1L2A1\N1L2A1.csproj", "{BADB43DB-976E-468E-936B-2FBCCEFFC0E1}"
EndProject
Project("{9A19103F-16F7-4668-BE54-9A1E7A4F7556}") = "N1L3A1", "N1L3A1\N1L3A1.csproj", "{A9BFDD24-59EC-4E0B-BCAC-95E991466A16}"
EndProject
Project("{9A19103F-16F7-4668-BE54-9A1E7A4F7556}") = "N1L4A1", "N1L4A1\N1L4A1.csproj", "{A627523E-E788-4466-BE59-104E817FF775}"
EndProject
Project("{FAE04EC0-301F-11D3-BF4B-00C04F79EFBC}") = "N2L1A1", "N2L1A1\N2L1A1.csproj", "{9D00C427-C454-4434-AE35-1CAF8E1F5E84}"
EndProject
Project("{FAE04EC0-301F-11D3-BF4B-00C04F79EFBC}") = "N2L2A1", "N2L2A1\N2L2A1.csproj", "{D1FE9D49-58F1-454C-9DC8-F85A4E677585}"
EndProject
Project("{FAE04EC0-301F-11D3-BF4B-00C04F79EFBC}") = "N2L3A1", "N2L3A1\N2L3A1.csproj", "{C4CE224A-664C-49FD-904E-48BB8EFDAD39}"
EndProject
Project("{FAE04EC0-301F-11D3-BF4B-00C04F79EFBC}") = "N3L1A1", "N3L1A1\N3L1A1.csproj", "{A6F1A66B-FFF0-4773-B574-22AE3C586855}"
EndProject
Global
	GlobalSection(SolutionConfigurationPlatforms) = preSolution
		Debug|Any CPU = Debug|Any CPU
		Release|Any CPU = Release|Any CPU
	EndGlobalSection
	GlobalSection(ProjectConfigurationPlatforms) = postSolution
		{D1315976-E249-4C62-9B4A-7A09A5B2B00B}.Debug|Any CPU.ActiveCfg = Debug|Any CPU
		{D1315976-E249-4C62-9B4A-7A09A5B2B00B}.Debug|Any CPU.Build.0 = Debug|Any CPU
		{D1315976-E249-4C62-9B4A-7A09A5B2B00B}.Release|Any CPU.ActiveCfg = Release|Any CPU
		{D1315976-E249-4C62-9B4A-7A09A5B2B00B}.Release|Any CPU.Build.0 = Release|Any CPU
		{BADB43DB-976E-468E-936B-2FBCCEFFC0E1}.Debug|Any CPU.ActiveCfg = Debug|Any CPU
		{BADB43DB-976E-468E-936B-2FBCCEFFC0E1}.Debug|Any CPU.Build.0 = Debug|Any CPU
		{BADB43DB-976E-468E-936B-2FBCCEFFC0E1}.Release|Any CPU.ActiveCfg = Release|Any CPU
		{BADB43DB-976E-468E-936B-2FBCCEFFC0E1}.Release|Any CPU.Build.0 = Release|Any CPU
		{A9BFDD24-59EC-4E0B-BCAC-95E991466A16}.Debug|Any CPU.ActiveCfg = Debug|Any CPU
		{A9BFDD24-59EC-4E0B-BCAC-95E991466A16}.Debug|Any CPU.Build.0 = Debug|Any CPU
		{A9BFDD24-59EC-4E0B-BCAC-95E991466A16}.Release|Any CPU.ActiveCfg = Release|Any CPU
		{A9BFDD24-59EC-4E0B-BCAC-95E991466A16}.Release|Any CPU.Build.0 = Release|Any CPU
		{A627523E-E788-4466-BE59-104E817FF775}.Debug|Any CPU.ActiveCfg = Debug|Any CPU
		{A627523E-E788-4466-BE59-104E817FF775}.Debug|Any CPU.Build.0 = Debug|Any CPU
		{A627523E-E788-4466-BE59-104E817FF775}.Release|Any CPU.ActiveCfg = Release|Any CPU
		{A627523E-E788-4466-BE59-104E817FF775}.Release|Any CPU.Build.0 = Release|Any CPU
		{9D00C427-C454-4434-AE35-1CAF8E1F5E84}.Debug|Any CPU.ActiveCfg = Debug|Any CPU
		{9D00C427-C454-4434-AE35-1CAF8E1F5E84}.Debug|Any CPU.Build.0 = Debug|Any CPU
		{9D00C427-C454-4434-AE35-1CAF8E1F5E84}.Release|Any CPU.ActiveCfg = Release|Any CPU
		{9D00C427-C454-4434-AE35-1CAF8E1F5E84}.Release|Any CPU.Build.0 = Release|Any CPU
		{D1FE9D49-58F1-454C-9DC8-F85A4E677585}.Debug|Any CPU.ActiveCfg = Debug|Any CPU
		{D1FE9D49-58F1-454C-9DC8-F85A4E677585}.Debug|Any CPU.Build.0 = Debug|Any CPU
		{D1FE9D49-58F1-454C-9DC8-F85A4E677585}.Release|Any CPU.ActiveCfg = Release|Any CPU
		{D1FE9D49-58F1-454C-9DC8-F85A4E677585}.Release|Any CPU.Build.0 = Release|Any CPU
		{C4CE224A-664C-49FD-904E-48BB8EFDAD39}.Debug|Any CPU.ActiveCfg = Debug|Any CPU
		{C4CE224A-664C-49FD-904E-48BB8EFDAD39}.Debug|Any CPU.Build.0 = Debug|Any CPU
		{C4CE224A-664C-49FD-904E-48BB8EFDAD39}.Release|Any CPU.ActiveCfg = Release|Any CPU
		{C4CE224A-664C-49FD-904E-48BB8EFDAD39}.Release|Any CPU.Build.0 = Release|Any CPU
		{A6F1A66B-FFF0-4773-B574-22AE3C586855}.Debug|Any CPU.ActiveCfg = Debug|Any CPU
		{A6F1A66B-FFF0-4773-B574-22AE3C586855}.Debug|Any CPU.Build.0 = Debug|Any CPU
		{A6F1A66B-FFF0-4773-B574-22AE3C586855}.Release|Any CPU.ActiveCfg = Release|Any CPU
		{A6F1A66B-FFF0-4773-B574-22AE3C586855}.Release|Any CPU.Build.0 = Release|Any CPU
	EndGlobalSection
	GlobalSection(SolutionProperties) = preSolution
		HideSolutionNode = FALSE
	EndGlobalSection
	GlobalSection(ExtensibilityGlobals) = postSolution
		SolutionGuid = {47E2D117-548A-4B23-B18F-9B0DA1BA8F50}
	EndGlobalSection
EndGlobal
